# THIS IS AN AUTOGENERATED FILE. DO NOT EDIT THIS FILE DIRECTLY.
# yarn lockfile v1


angular-in-memory-web-api@^0.6.0:
  version "0.6.1"
  resolved "http://shgw9009.aspac.local:8083/repository/npm-ei/angular-in-memory-web-api/-/angular-in-memory-web-api-0.6.1.tgz#d1eb1849517fe60487c2287388606bf1c4f84dfb"
